version: 1
aps_version: 0.1.10
entries:
  internal-comms:
    source: https://github.com/anthropics/skills.git
    dest: .claude/skills/internal-comms/
    resolved_ref: main
    commit: 1ed29a03dc852d30fa6ef2ca53a67dc2c2c2c563
    checksum: sha256:b353d2d5223c9b5154f52a1d1b87c65bd0f2ed9eac5e541e88e72b4c4a614743
  skill-creator:
    source: https://github.com/anthropics/skills.git
    dest: .claude/skills/skill-creator/
    resolved_ref: main
    commit: 1ed29a03dc852d30fa6ef2ca53a67dc2c2c2c563
    checksum: sha256:bdd5389ea8390277b8310b83eaa561a703c2fa08bbcf770e6394d42571f7445f
  anthropic-skills:
    source: https://github.com/anthropics/skills.git
    dest: ./.claude/skills/
    resolved_ref: main
    commit: 1ed29a03dc852d30fa6ef2ca53a67dc2c2c2c563
    checksum: sha256:3bd37a1929706db495f2609910316bb1a385a057556deb151f968e877aef39e9
  composite-agents-md:
    source:
      composite:
        - https://github.com/westonplatter/agentically.git:agents-md-partials/AGENTS.rust.md
        - https://github.com/westonplatter/agentically.git:agents-md-partials/AGENTS.pull-requests.md
    dest: ./AGENTS.md
    checksum: sha256:c5660664b049dcac3ca397f61805edafca1ea782c66582744fe2d98a08b35396
