version: 1
entries:
  anthropic-skills:
    source: git@github.com:anthropics/skills.git
    dest: /Users/weston/clients/westonplatter/agentic-prompt-sync/./.claude/skills/
    resolved_ref: main
    commit: 69c0b1a0674149f27b61b2635f935524b6add202
    last_updated_at: 2026-01-24T16:07:23.431750Z
    checksum: sha256:030045ce794600899847fd8bee82c6c1e12294a14caf6f045b29ce5f854a18fa
  composite-agents-md:
    source:
      composite:
        - https://github.com/westonplatter/agentically.git:agents-md-partials/AGENTS.rust.md
        - https://github.com/westonplatter/agentically.git:agents-md-partials/AGENTS.pull-requests.md
    dest: /Users/weston/clients/westonplatter/agentic-prompt-sync/./AGENTS.md
    last_updated_at: 2026-01-31T21:26:03.274022Z
    checksum: sha256:7f7c72a64eb13ca5aeebb80b0aedec50e759623baab912407753da8ff881eaa9
  address-github-comments:
    source: https://github.com/sickn33/antigravity-awesome-skills.git
    dest: /Users/weston/clients/westonplatter/agentic-prompt-sync/./.claude/skills/address-github-comments/
    resolved_ref: main
    commit: 3c38ec509da68c42eaa480f025c74e95c662c4e5
    last_updated_at: 2026-01-24T16:07:25.962693Z
    checksum: sha256:9848155412e292ff7d03b16df2a259c55e8f1f5bd75a5757f2f68ba0d8bec0a1
