# This file was auto-generated by aps (https://github.com/westonplatter/agentic-prompt-sync)

version: 1
entries:
  address-github-comments:
    source: https://github.com/sickn33/antigravity-awesome-skills.git
    dest: ./.claude/skills/address-github-comments/
    resolved_ref: main
    commit: 72f5b9500df343bfd2e77c94a6d5306fb5d08526
    last_updated_at: 2026-02-02T18:31:00.024418Z
    checksum: sha256:9848155412e292ff7d03b16df2a259c55e8f1f5bd75a5757f2f68ba0d8bec0a1
  anthropic-skills:
    source: https://github.com/anthropics/skills.git
    dest: ./.claude/skills/
    resolved_ref: main
    commit: 69c0b1a0674149f27b61b2635f935524b6add202
    last_updated_at: 2026-02-02T18:30:57.961246Z
    checksum: sha256:030045ce794600899847fd8bee82c6c1e12294a14caf6f045b29ce5f854a18fa
  composite-agents-md:
    source:
      composite:
        - https://github.com/westonplatter/agentically.git:agents-md-partials/AGENTS.rust.md
        - https://github.com/westonplatter/agentically.git:agents-md-partials/AGENTS.pull-requests.md
    dest: ./AGENTS.md
    last_updated_at: 2026-02-02T18:30:55.753717Z
    checksum: sha256:ef1f6fa7d1c284720116af14c9fa8573c04e9a83834e89f17b842ede6c2b11ce
